
Microsoft Visual Studio Solution File, Format Version 12.00
# Visual Studio Version 17
VisualStudioVersion = 17.4.33213.308
MinimumVisualStudioVersion = 10.0.40219.1
Project("{FAE04EC0-301F-11D3-BF4B-00C04F79EFBC}") = "Commerce Bank Transaction Application", "Commerce Bank Transaction Application.csproj", "{CDDEE87F-B8C1-4D49-8F7F-9C33B74B76A8}"
EndProject
Global
	GlobalSection(SolutionConfigurationPlatforms) = preSolution
		Debug|Any CPU = Debug|Any CPU
		Release|Any CPU = Release|Any CPU
	EndGlobalSection
	GlobalSection(ProjectConfigurationPlatforms) = postSolution
		{CDDEE87F-B8C1-4D49-8F7F-9C33B74B76A8}.Debug|Any CPU.ActiveCfg = Debug|Any CPU
		{CDDEE87F-B8C1-4D49-8F7F-9C33B74B76A8}.Debug|Any CPU.Build.0 = Debug|Any CPU
		{CDDEE87F-B8C1-4D49-8F7F-9C33B74B76A8}.Release|Any CPU.ActiveCfg = Release|Any CPU
		{CDDEE87F-B8C1-4D49-8F7F-9C33B74B76A8}.Release|Any CPU.Build.0 = Release|Any CPU
	EndGlobalSection
	GlobalSection(SolutionProperties) = preSolution
		HideSolutionNode = FALSE
	EndGlobalSection
	GlobalSection(ExtensibilityGlobals) = postSolution
		SolutionGuid = {65CA98A5-1246-40AF-8521-65406454141D}
	EndGlobalSection
EndGlobal
